
Microsoft Visual Studio Solution File, Format Version 12.00
Project("{FAE04EC0-301F-11D3-BF4B-00C04F79EFBC}") = "RemindAPi", "RemindAPi\RemindAPi.csproj", "{F5350DB0-F0DC-4223-8C36-3B3740DDBD0E}"
EndProject
Project("{FAE04EC0-301F-11D3-BF4B-00C04F79EFBC}") = "Remind.Core", "Remind.Core\Remind.Core.csproj", "{43559155-F933-4254-8BF2-BCA4209DB145}"
EndProject
Project("{FAE04EC0-301F-11D3-BF4B-00C04F79EFBC}") = "Remind.Data", "Remind.Data\Remind.Data.csproj", "{435F7B38-C664-4A44-93BF-0F125DF66C3D}"
EndProject
Global
	GlobalSection(SolutionConfigurationPlatforms) = preSolution
		Debug|Any CPU = Debug|Any CPU
		Release|Any CPU = Release|Any CPU
	EndGlobalSection
	GlobalSection(ProjectConfigurationPlatforms) = postSolution
		{F5350DB0-F0DC-4223-8C36-3B3740DDBD0E}.Debug|Any CPU.ActiveCfg = Debug|Any CPU
		{F5350DB0-F0DC-4223-8C36-3B3740DDBD0E}.Debug|Any CPU.Build.0 = Debug|Any CPU
		{F5350DB0-F0DC-4223-8C36-3B3740DDBD0E}.Release|Any CPU.ActiveCfg = Release|Any CPU
		{F5350DB0-F0DC-4223-8C36-3B3740DDBD0E}.Release|Any CPU.Build.0 = Release|Any CPU
		{43559155-F933-4254-8BF2-BCA4209DB145}.Debug|Any CPU.ActiveCfg = Debug|Any CPU
		{43559155-F933-4254-8BF2-BCA4209DB145}.Debug|Any CPU.Build.0 = Debug|Any CPU
		{43559155-F933-4254-8BF2-BCA4209DB145}.Release|Any CPU.ActiveCfg = Release|Any CPU
		{43559155-F933-4254-8BF2-BCA4209DB145}.Release|Any CPU.Build.0 = Release|Any CPU
		{435F7B38-C664-4A44-93BF-0F125DF66C3D}.Debug|Any CPU.ActiveCfg = Debug|Any CPU
		{435F7B38-C664-4A44-93BF-0F125DF66C3D}.Debug|Any CPU.Build.0 = Debug|Any CPU
		{435F7B38-C664-4A44-93BF-0F125DF66C3D}.Release|Any CPU.ActiveCfg = Release|Any CPU
		{435F7B38-C664-4A44-93BF-0F125DF66C3D}.Release|Any CPU.Build.0 = Release|Any CPU
	EndGlobalSection
EndGlobal
